
Microsoft Visual Studio Solution File, Format Version 12.00
# Visual Studio 2013
VisualStudioVersion = 12.0.31101.0
MinimumVisualStudioVersion = 10.0.40219.1
Project("{FAE04EC0-301F-11D3-BF4B-00C04F79EFBC}") = "Filtration", "Filtration\Filtration.csproj", "{55E0A34C-E039-43D7-A024-A4045401CDDA}"
EndProject
Project("{FAE04EC0-301F-11D3-BF4B-00C04F79EFBC}") = "Filtration.Tests", "Filtration.Tests\Filtration.Tests.csproj", "{E0693972-72C5-4E05-A9C5-A5943E4015C6}"
EndProject
Project("{FAE04EC0-301F-11D3-BF4B-00C04F79EFBC}") = "Filtration.ObjectModel", "Filtration.ObjectModel\Filtration.ObjectModel.csproj", "{4AAC3BEB-1DC1-483E-9D11-0E9334E80227}"
EndProject
Project("{FAE04EC0-301F-11D3-BF4B-00C04F79EFBC}") = "Filtration.ObjectModel.Tests", "Filtration.ObjectModel.Tests\Filtration.ObjectModel.Tests.csproj", "{537BE676-2FF6-4995-B05B-9CFACE852EC9}"
EndProject
Project("{FAE04EC0-301F-11D3-BF4B-00C04F79EFBC}") = "Filtration.ThemeEditor", "Filtration.ThemeEditor\Filtration.ThemeEditor.csproj", "{41B8F5C2-65AA-42F0-A20B-6F95B13A9F48}"
EndProject
Project("{FAE04EC0-301F-11D3-BF4B-00C04F79EFBC}") = "Filtration.ThemeEditor.Tests", "Filtration.ThemeEditor.Tests\Filtration.ThemeEditor.Tests.csproj", "{450AC313-BF25-4BFD-A066-9F39F026FDCF}"
EndProject
Project("{FAE04EC0-301F-11D3-BF4B-00C04F79EFBC}") = "Filtration.Interface", "Filtration.Interface\Filtration.Interface.csproj", "{0F333344-7695-47B2-B0E6-172E4DE74819}"
EndProject
Project("{FAE04EC0-301F-11D3-BF4B-00C04F79EFBC}") = "Filtration.Common", "Filtration.Common\Filtration.Common.csproj", "{8CB44F28-2956-4C2A-9314-72727262EDD4}"
EndProject
Project("{FAE04EC0-301F-11D3-BF4B-00C04F79EFBC}") = "Filtration.Common.Tests", "Filtration.Common.Tests\Filtration.Common.Tests.csproj", "{1E42A658-45C4-4DD9-83C5-2A10728DBDFA}"
EndProject
Project("{FAE04EC0-301F-11D3-BF4B-00C04F79EFBC}") = "Filtration.LootExplosionStudio", "Filtration.LootExplosionStudio\Filtration.LootExplosionStudio.csproj", "{C8009B11-14D0-4421-94F0-9EF4603CB363}"
EndProject
Project("{FAE04EC0-301F-11D3-BF4B-00C04F79EFBC}") = "Filtration.LootExplosionStudio.Tests", "Filtration.LootExplosionStudio.Tests\Filtration.LootExplosionStudio.Tests.csproj", "{56D0887E-B10D-4F9C-A88E-09CF8E8E06E3}"
EndProject
Global
	GlobalSection(SolutionConfigurationPlatforms) = preSolution
		Debug|Any CPU = Debug|Any CPU
		Release|Any CPU = Release|Any CPU
	EndGlobalSection
	GlobalSection(ProjectConfigurationPlatforms) = postSolution
		{55E0A34C-E039-43D7-A024-A4045401CDDA}.Debug|Any CPU.ActiveCfg = Debug|Any CPU
		{55E0A34C-E039-43D7-A024-A4045401CDDA}.Debug|Any CPU.Build.0 = Debug|Any CPU
		{55E0A34C-E039-43D7-A024-A4045401CDDA}.Release|Any CPU.ActiveCfg = Release|Any CPU
		{55E0A34C-E039-43D7-A024-A4045401CDDA}.Release|Any CPU.Build.0 = Release|Any CPU
		{E0693972-72C5-4E05-A9C5-A5943E4015C6}.Debug|Any CPU.ActiveCfg = Debug|Any CPU
		{E0693972-72C5-4E05-A9C5-A5943E4015C6}.Debug|Any CPU.Build.0 = Debug|Any CPU
		{E0693972-72C5-4E05-A9C5-A5943E4015C6}.Release|Any CPU.ActiveCfg = Release|Any CPU
		{E0693972-72C5-4E05-A9C5-A5943E4015C6}.Release|Any CPU.Build.0 = Release|Any CPU
		{4AAC3BEB-1DC1-483E-9D11-0E9334E80227}.Debug|Any CPU.ActiveCfg = Debug|Any CPU
		{4AAC3BEB-1DC1-483E-9D11-0E9334E80227}.Debug|Any CPU.Build.0 = Debug|Any CPU
		{4AAC3BEB-1DC1-483E-9D11-0E9334E80227}.Release|Any CPU.ActiveCfg = Release|Any CPU
		{4AAC3BEB-1DC1-483E-9D11-0E9334E80227}.Release|Any CPU.Build.0 = Release|Any CPU
		{537BE676-2FF6-4995-B05B-9CFACE852EC9}.Debug|Any CPU.ActiveCfg = Debug|Any CPU
		{537BE676-2FF6-4995-B05B-9CFACE852EC9}.Debug|Any CPU.Build.0 = Debug|Any CPU
		{537BE676-2FF6-4995-B05B-9CFACE852EC9}.Release|Any CPU.ActiveCfg = Release|Any CPU
		{537BE676-2FF6-4995-B05B-9CFACE852EC9}.Release|Any CPU.Build.0 = Release|Any CPU
		{41B8F5C2-65AA-42F0-A20B-6F95B13A9F48}.Debug|Any CPU.ActiveCfg = Debug|Any CPU
		{41B8F5C2-65AA-42F0-A20B-6F95B13A9F48}.Debug|Any CPU.Build.0 = Debug|Any CPU
		{41B8F5C2-65AA-42F0-A20B-6F95B13A9F48}.Release|Any CPU.ActiveCfg = Release|Any CPU
		{41B8F5C2-65AA-42F0-A20B-6F95B13A9F48}.Release|Any CPU.Build.0 = Release|Any CPU
		{450AC313-BF25-4BFD-A066-9F39F026FDCF}.Debug|Any CPU.ActiveCfg = Debug|Any CPU
		{450AC313-BF25-4BFD-A066-9F39F026FDCF}.Debug|Any CPU.Build.0 = Debug|Any CPU
		{450AC313-BF25-4BFD-A066-9F39F026FDCF}.Release|Any CPU.ActiveCfg = Release|Any CPU
		{450AC313-BF25-4BFD-A066-9F39F026FDCF}.Release|Any CPU.Build.0 = Release|Any CPU
		{0F333344-7695-47B2-B0E6-172E4DE74819}.Debug|Any CPU.ActiveCfg = Debug|Any CPU
		{0F333344-7695-47B2-B0E6-172E4DE74819}.Debug|Any CPU.Build.0 = Debug|Any CPU
		{0F333344-7695-47B2-B0E6-172E4DE74819}.Release|Any CPU.ActiveCfg = Release|Any CPU
		{0F333344-7695-47B2-B0E6-172E4DE74819}.Release|Any CPU.Build.0 = Release|Any CPU
		{8CB44F28-2956-4C2A-9314-72727262EDD4}.Debug|Any CPU.ActiveCfg = Debug|Any CPU
		{8CB44F28-2956-4C2A-9314-72727262EDD4}.Debug|Any CPU.Build.0 = Debug|Any CPU
		{8CB44F28-2956-4C2A-9314-72727262EDD4}.Release|Any CPU.ActiveCfg = Release|Any CPU
		{8CB44F28-2956-4C2A-9314-72727262EDD4}.Release|Any CPU.Build.0 = Release|Any CPU
		{1E42A658-45C4-4DD9-83C5-2A10728DBDFA}.Debug|Any CPU.ActiveCfg = Debug|Any CPU
		{1E42A658-45C4-4DD9-83C5-2A10728DBDFA}.Debug|Any CPU.Build.0 = Debug|Any CPU
		{1E42A658-45C4-4DD9-83C5-2A10728DBDFA}.Release|Any CPU.ActiveCfg = Release|Any CPU
		{1E42A658-45C4-4DD9-83C5-2A10728DBDFA}.Release|Any CPU.Build.0 = Release|Any CPU
		{C8009B11-14D0-4421-94F0-9EF4603CB363}.Debug|Any CPU.ActiveCfg = Debug|Any CPU
		{C8009B11-14D0-4421-94F0-9EF4603CB363}.Debug|Any CPU.Build.0 = Debug|Any CPU
		{C8009B11-14D0-4421-94F0-9EF4603CB363}.Release|Any CPU.ActiveCfg = Release|Any CPU
		{C8009B11-14D0-4421-94F0-9EF4603CB363}.Release|Any CPU.Build.0 = Release|Any CPU
		{56D0887E-B10D-4F9C-A88E-09CF8E8E06E3}.Debug|Any CPU.ActiveCfg = Debug|Any CPU
		{56D0887E-B10D-4F9C-A88E-09CF8E8E06E3}.Debug|Any CPU.Build.0 = Debug|Any CPU
		{56D0887E-B10D-4F9C-A88E-09CF8E8E06E3}.Release|Any CPU.ActiveCfg = Release|Any CPU
		{56D0887E-B10D-4F9C-A88E-09CF8E8E06E3}.Release|Any CPU.Build.0 = Release|Any CPU
	EndGlobalSection
	GlobalSection(SolutionProperties) = preSolution
		HideSolutionNode = FALSE
	EndGlobalSection
	GlobalSection(Performance) = preSolution
		HasPerformanceSessions = true
	EndGlobalSection
EndGlobal
