
Microsoft Visual Studio Solution File, Format Version 12.00
# Visual Studio 15
VisualStudioVersion = 15.1
MinimumVisualStudioVersion = 10.0.40219.1
Project("{FAE04EC0-301F-11D3-BF4B-00C04F79EFBC}") = "Filtration", "Filtration\Filtration.csproj", "{55E0A34C-E039-43D7-A024-A4045401CDDA}"
EndProject
Project("{FAE04EC0-301F-11D3-BF4B-00C04F79EFBC}") = "Filtration.Tests", "Filtration.Tests\Filtration.Tests.csproj", "{E0693972-72C5-4E05-A9C5-A5943E4015C6}"
EndProject
Project("{FAE04EC0-301F-11D3-BF4B-00C04F79EFBC}") = "Filtration.ObjectModel", "Filtration.ObjectModel\Filtration.ObjectModel.csproj", "{4AAC3BEB-1DC1-483E-9D11-0E9334E80227}"
EndProject
Project("{FAE04EC0-301F-11D3-BF4B-00C04F79EFBC}") = "Filtration.ObjectModel.Tests", "Filtration.ObjectModel.Tests\Filtration.ObjectModel.Tests.csproj", "{537BE676-2FF6-4995-B05B-9CFACE852EC9}"
EndProject
Project("{FAE04EC0-301F-11D3-BF4B-00C04F79EFBC}") = "Filtration.ThemeEditor", "Filtration.ThemeEditor\Filtration.ThemeEditor.csproj", "{41B8F5C2-65AA-42F0-A20B-6F95B13A9F48}"
EndProject
Project("{FAE04EC0-301F-11D3-BF4B-00C04F79EFBC}") = "Filtration.ThemeEditor.Tests", "Filtration.ThemeEditor.Tests\Filtration.ThemeEditor.Tests.csproj", "{450AC313-BF25-4BFD-A066-9F39F026FDCF}"
EndProject
Project("{FAE04EC0-301F-11D3-BF4B-00C04F79EFBC}") = "Filtration.Interface", "Filtration.Interface\Filtration.Interface.csproj", "{0F333344-7695-47B2-B0E6-172E4DE74819}"
EndProject
Project("{FAE04EC0-301F-11D3-BF4B-00C04F79EFBC}") = "Filtration.Common", "Filtration.Common\Filtration.Common.csproj", "{8CB44F28-2956-4C2A-9314-72727262EDD4}"
EndProject
Project("{FAE04EC0-301F-11D3-BF4B-00C04F79EFBC}") = "Filtration.Common.Tests", "Filtration.Common.Tests\Filtration.Common.Tests.csproj", "{1E42A658-45C4-4DD9-83C5-2A10728DBDFA}"
EndProject
Project("{FAE04EC0-301F-11D3-BF4B-00C04F79EFBC}") = "Filtration.ItemFilterPreview", "Filtration.ItemFilterPreview\Filtration.ItemFilterPreview.csproj", "{3AB98B6E-05DB-44FA-9DAD-584AA88F0739}"
EndProject
Project("{FAE04EC0-301F-11D3-BF4B-00C04F79EFBC}") = "Filtration.ItemFilterPreview.Tests", "Filtration.ItemFilterPreview.Tests\Filtration.ItemFilterPreview.Tests.csproj", "{58CD3B9C-EBBA-4527-A81C-78B7EA9CA298}"
EndProject
Project("{FAE04EC0-301F-11D3-BF4B-00C04F79EFBC}") = "Filtration.Parser", "Filtration.Parser\Filtration.Parser.csproj", "{10A7C2BC-EC6F-4A38-BDDA-E35935004C02}"
EndProject
Project("{FAE04EC0-301F-11D3-BF4B-00C04F79EFBC}") = "Filtration.Parser.Interface", "Filtration.Parser.Interface\Filtration.Parser.Interface.csproj", "{46383F20-02DF-48B4-B092-9088FA4ACD5A}"
EndProject
Project("{FAE04EC0-301F-11D3-BF4B-00C04F79EFBC}") = "Filtration.Parser.Tests", "Filtration.Parser.Tests\Filtration.Parser.Tests.csproj", "{1F30CF6D-A5BF-4777-B8BA-E34F439FE8E5}"
EndProject
Project("{FAE04EC0-301F-11D3-BF4B-00C04F79EFBC}") = "Filtration.ItemFilterPreview.Data", "Filtration.ItemFilterPreview.Data\Filtration.ItemFilterPreview.Data.csproj", "{855B38CC-EEF2-471D-BBBC-EB3E2FF3D387}"
EndProject
Project("{FAE04EC0-301F-11D3-BF4B-00C04F79EFBC}") = "Filtration.ItemFilterPreview.Data.Tests", "Filtration.ItemFilterPreview.Data.Tests\Filtration.ItemFilterPreview.Data.Tests.csproj", "{7A5720DE-A41B-47EA-AAAB-7C5608FF0C1F}"
EndProject
Global
	GlobalSection(SolutionConfigurationPlatforms) = preSolution
		Debug|Any CPU = Debug|Any CPU
		Debug|ARM = Debug|ARM
		Debug|x64 = Debug|x64
		Debug|x86 = Debug|x86
		Release|Any CPU = Release|Any CPU
		Release|ARM = Release|ARM
		Release|x64 = Release|x64
		Release|x86 = Release|x86
		SquirrelReleasify|Any CPU = SquirrelReleasify|Any CPU
		SquirrelReleasify|ARM = SquirrelReleasify|ARM
		SquirrelReleasify|x64 = SquirrelReleasify|x64
		SquirrelReleasify|x86 = SquirrelReleasify|x86
	EndGlobalSection
	GlobalSection(ProjectConfigurationPlatforms) = postSolution
		{55E0A34C-E039-43D7-A024-A4045401CDDA}.Debug|Any CPU.ActiveCfg = Debug|Any CPU
		{55E0A34C-E039-43D7-A024-A4045401CDDA}.Debug|Any CPU.Build.0 = Debug|Any CPU
		{55E0A34C-E039-43D7-A024-A4045401CDDA}.Debug|ARM.ActiveCfg = Debug|Any CPU
		{55E0A34C-E039-43D7-A024-A4045401CDDA}.Debug|ARM.Build.0 = Debug|Any CPU
		{55E0A34C-E039-43D7-A024-A4045401CDDA}.Debug|x64.ActiveCfg = Debug|Any CPU
		{55E0A34C-E039-43D7-A024-A4045401CDDA}.Debug|x64.Build.0 = Debug|Any CPU
		{55E0A34C-E039-43D7-A024-A4045401CDDA}.Debug|x86.ActiveCfg = Debug|Any CPU
		{55E0A34C-E039-43D7-A024-A4045401CDDA}.Debug|x86.Build.0 = Debug|Any CPU
		{55E0A34C-E039-43D7-A024-A4045401CDDA}.Release|Any CPU.ActiveCfg = Release|Any CPU
		{55E0A34C-E039-43D7-A024-A4045401CDDA}.Release|Any CPU.Build.0 = Release|Any CPU
		{55E0A34C-E039-43D7-A024-A4045401CDDA}.Release|ARM.ActiveCfg = Release|Any CPU
		{55E0A34C-E039-43D7-A024-A4045401CDDA}.Release|ARM.Build.0 = Release|Any CPU
		{55E0A34C-E039-43D7-A024-A4045401CDDA}.Release|x64.ActiveCfg = Release|Any CPU
		{55E0A34C-E039-43D7-A024-A4045401CDDA}.Release|x64.Build.0 = Release|Any CPU
		{55E0A34C-E039-43D7-A024-A4045401CDDA}.Release|x86.ActiveCfg = Release|Any CPU
		{55E0A34C-E039-43D7-A024-A4045401CDDA}.Release|x86.Build.0 = Release|Any CPU
		{55E0A34C-E039-43D7-A024-A4045401CDDA}.SquirrelReleasify|Any CPU.ActiveCfg = Releasify|Any CPU
		{55E0A34C-E039-43D7-A024-A4045401CDDA}.SquirrelReleasify|Any CPU.Build.0 = Releasify|Any CPU
		{55E0A34C-E039-43D7-A024-A4045401CDDA}.SquirrelReleasify|ARM.ActiveCfg = Release|Any CPU
		{55E0A34C-E039-43D7-A024-A4045401CDDA}.SquirrelReleasify|ARM.Build.0 = Release|Any CPU
		{55E0A34C-E039-43D7-A024-A4045401CDDA}.SquirrelReleasify|x64.ActiveCfg = Release|Any CPU
		{55E0A34C-E039-43D7-A024-A4045401CDDA}.SquirrelReleasify|x64.Build.0 = Release|Any CPU
		{55E0A34C-E039-43D7-A024-A4045401CDDA}.SquirrelReleasify|x86.ActiveCfg = Release|Any CPU
		{55E0A34C-E039-43D7-A024-A4045401CDDA}.SquirrelReleasify|x86.Build.0 = Release|Any CPU
		{E0693972-72C5-4E05-A9C5-A5943E4015C6}.Debug|Any CPU.ActiveCfg = Debug|Any CPU
		{E0693972-72C5-4E05-A9C5-A5943E4015C6}.Debug|Any CPU.Build.0 = Debug|Any CPU
		{E0693972-72C5-4E05-A9C5-A5943E4015C6}.Debug|ARM.ActiveCfg = Debug|Any CPU
		{E0693972-72C5-4E05-A9C5-A5943E4015C6}.Debug|ARM.Build.0 = Debug|Any CPU
		{E0693972-72C5-4E05-A9C5-A5943E4015C6}.Debug|x64.ActiveCfg = Debug|Any CPU
		{E0693972-72C5-4E05-A9C5-A5943E4015C6}.Debug|x64.Build.0 = Debug|Any CPU
		{E0693972-72C5-4E05-A9C5-A5943E4015C6}.Debug|x86.ActiveCfg = Debug|Any CPU
		{E0693972-72C5-4E05-A9C5-A5943E4015C6}.Debug|x86.Build.0 = Debug|Any CPU
		{E0693972-72C5-4E05-A9C5-A5943E4015C6}.Release|Any CPU.ActiveCfg = Release|Any CPU
		{E0693972-72C5-4E05-A9C5-A5943E4015C6}.Release|Any CPU.Build.0 = Release|Any CPU
		{E0693972-72C5-4E05-A9C5-A5943E4015C6}.Release|ARM.ActiveCfg = Release|Any CPU
		{E0693972-72C5-4E05-A9C5-A5943E4015C6}.Release|ARM.Build.0 = Release|Any CPU
		{E0693972-72C5-4E05-A9C5-A5943E4015C6}.Release|x64.ActiveCfg = Release|Any CPU
		{E0693972-72C5-4E05-A9C5-A5943E4015C6}.Release|x64.Build.0 = Release|Any CPU
		{E0693972-72C5-4E05-A9C5-A5943E4015C6}.Release|x86.ActiveCfg = Release|Any CPU
		{E0693972-72C5-4E05-A9C5-A5943E4015C6}.Release|x86.Build.0 = Release|Any CPU
		{E0693972-72C5-4E05-A9C5-A5943E4015C6}.SquirrelReleasify|Any CPU.ActiveCfg = Release|Any CPU
		{E0693972-72C5-4E05-A9C5-A5943E4015C6}.SquirrelReleasify|ARM.ActiveCfg = Release|Any CPU
		{E0693972-72C5-4E05-A9C5-A5943E4015C6}.SquirrelReleasify|ARM.Build.0 = Release|Any CPU
		{E0693972-72C5-4E05-A9C5-A5943E4015C6}.SquirrelReleasify|x64.ActiveCfg = Release|Any CPU
		{E0693972-72C5-4E05-A9C5-A5943E4015C6}.SquirrelReleasify|x64.Build.0 = Release|Any CPU
		{E0693972-72C5-4E05-A9C5-A5943E4015C6}.SquirrelReleasify|x86.ActiveCfg = Release|Any CPU
		{E0693972-72C5-4E05-A9C5-A5943E4015C6}.SquirrelReleasify|x86.Build.0 = Release|Any CPU
		{4AAC3BEB-1DC1-483E-9D11-0E9334E80227}.Debug|Any CPU.ActiveCfg = Debug|Any CPU
		{4AAC3BEB-1DC1-483E-9D11-0E9334E80227}.Debug|Any CPU.Build.0 = Debug|Any CPU
		{4AAC3BEB-1DC1-483E-9D11-0E9334E80227}.Debug|ARM.ActiveCfg = Debug|Any CPU
		{4AAC3BEB-1DC1-483E-9D11-0E9334E80227}.Debug|ARM.Build.0 = Debug|Any CPU
		{4AAC3BEB-1DC1-483E-9D11-0E9334E80227}.Debug|x64.ActiveCfg = Debug|Any CPU
		{4AAC3BEB-1DC1-483E-9D11-0E9334E80227}.Debug|x64.Build.0 = Debug|Any CPU
		{4AAC3BEB-1DC1-483E-9D11-0E9334E80227}.Debug|x86.ActiveCfg = Debug|Any CPU
		{4AAC3BEB-1DC1-483E-9D11-0E9334E80227}.Debug|x86.Build.0 = Debug|Any CPU
		{4AAC3BEB-1DC1-483E-9D11-0E9334E80227}.Release|Any CPU.ActiveCfg = Release|Any CPU
		{4AAC3BEB-1DC1-483E-9D11-0E9334E80227}.Release|Any CPU.Build.0 = Release|Any CPU
		{4AAC3BEB-1DC1-483E-9D11-0E9334E80227}.Release|ARM.ActiveCfg = Release|Any CPU
		{4AAC3BEB-1DC1-483E-9D11-0E9334E80227}.Release|ARM.Build.0 = Release|Any CPU
		{4AAC3BEB-1DC1-483E-9D11-0E9334E80227}.Release|x64.ActiveCfg = Release|Any CPU
		{4AAC3BEB-1DC1-483E-9D11-0E9334E80227}.Release|x64.Build.0 = Release|Any CPU
		{4AAC3BEB-1DC1-483E-9D11-0E9334E80227}.Release|x86.ActiveCfg = Release|Any CPU
		{4AAC3BEB-1DC1-483E-9D11-0E9334E80227}.Release|x86.Build.0 = Release|Any CPU
		{4AAC3BEB-1DC1-483E-9D11-0E9334E80227}.SquirrelReleasify|Any CPU.ActiveCfg = Release|Any CPU
		{4AAC3BEB-1DC1-483E-9D11-0E9334E80227}.SquirrelReleasify|Any CPU.Build.0 = Release|Any CPU
		{4AAC3BEB-1DC1-483E-9D11-0E9334E80227}.SquirrelReleasify|ARM.ActiveCfg = Release|Any CPU
		{4AAC3BEB-1DC1-483E-9D11-0E9334E80227}.SquirrelReleasify|ARM.Build.0 = Release|Any CPU
		{4AAC3BEB-1DC1-483E-9D11-0E9334E80227}.SquirrelReleasify|x64.ActiveCfg = Release|Any CPU
		{4AAC3BEB-1DC1-483E-9D11-0E9334E80227}.SquirrelReleasify|x64.Build.0 = Release|Any CPU
		{4AAC3BEB-1DC1-483E-9D11-0E9334E80227}.SquirrelReleasify|x86.ActiveCfg = Release|Any CPU
		{4AAC3BEB-1DC1-483E-9D11-0E9334E80227}.SquirrelReleasify|x86.Build.0 = Release|Any CPU
		{537BE676-2FF6-4995-B05B-9CFACE852EC9}.Debug|Any CPU.ActiveCfg = Debug|Any CPU
		{537BE676-2FF6-4995-B05B-9CFACE852EC9}.Debug|Any CPU.Build.0 = Debug|Any CPU
		{537BE676-2FF6-4995-B05B-9CFACE852EC9}.Debug|ARM.ActiveCfg = Debug|Any CPU
		{537BE676-2FF6-4995-B05B-9CFACE852EC9}.Debug|ARM.Build.0 = Debug|Any CPU
		{537BE676-2FF6-4995-B05B-9CFACE852EC9}.Debug|x64.ActiveCfg = Debug|Any CPU
		{537BE676-2FF6-4995-B05B-9CFACE852EC9}.Debug|x64.Build.0 = Debug|Any CPU
		{537BE676-2FF6-4995-B05B-9CFACE852EC9}.Debug|x86.ActiveCfg = Debug|Any CPU
		{537BE676-2FF6-4995-B05B-9CFACE852EC9}.Debug|x86.Build.0 = Debug|Any CPU
		{537BE676-2FF6-4995-B05B-9CFACE852EC9}.Release|Any CPU.ActiveCfg = Release|Any CPU
		{537BE676-2FF6-4995-B05B-9CFACE852EC9}.Release|Any CPU.Build.0 = Release|Any CPU
		{537BE676-2FF6-4995-B05B-9CFACE852EC9}.Release|ARM.ActiveCfg = Release|Any CPU
		{537BE676-2FF6-4995-B05B-9CFACE852EC9}.Release|ARM.Build.0 = Release|Any CPU
		{537BE676-2FF6-4995-B05B-9CFACE852EC9}.Release|x64.ActiveCfg = Release|Any CPU
		{537BE676-2FF6-4995-B05B-9CFACE852EC9}.Release|x64.Build.0 = Release|Any CPU
		{537BE676-2FF6-4995-B05B-9CFACE852EC9}.Release|x86.ActiveCfg = Release|Any CPU
		{537BE676-2FF6-4995-B05B-9CFACE852EC9}.Release|x86.Build.0 = Release|Any CPU
		{537BE676-2FF6-4995-B05B-9CFACE852EC9}.SquirrelReleasify|Any CPU.ActiveCfg = Release|Any CPU
		{537BE676-2FF6-4995-B05B-9CFACE852EC9}.SquirrelReleasify|ARM.ActiveCfg = Release|Any CPU
		{537BE676-2FF6-4995-B05B-9CFACE852EC9}.SquirrelReleasify|ARM.Build.0 = Release|Any CPU
		{537BE676-2FF6-4995-B05B-9CFACE852EC9}.SquirrelReleasify|x64.ActiveCfg = Release|Any CPU
		{537BE676-2FF6-4995-B05B-9CFACE852EC9}.SquirrelReleasify|x64.Build.0 = Release|Any CPU
		{537BE676-2FF6-4995-B05B-9CFACE852EC9}.SquirrelReleasify|x86.ActiveCfg = Release|Any CPU
		{537BE676-2FF6-4995-B05B-9CFACE852EC9}.SquirrelReleasify|x86.Build.0 = Release|Any CPU
		{41B8F5C2-65AA-42F0-A20B-6F95B13A9F48}.Debug|Any CPU.ActiveCfg = Debug|Any CPU
		{41B8F5C2-65AA-42F0-A20B-6F95B13A9F48}.Debug|Any CPU.Build.0 = Debug|Any CPU
		{41B8F5C2-65AA-42F0-A20B-6F95B13A9F48}.Debug|ARM.ActiveCfg = Debug|Any CPU
		{41B8F5C2-65AA-42F0-A20B-6F95B13A9F48}.Debug|ARM.Build.0 = Debug|Any CPU
		{41B8F5C2-65AA-42F0-A20B-6F95B13A9F48}.Debug|x64.ActiveCfg = Debug|Any CPU
		{41B8F5C2-65AA-42F0-A20B-6F95B13A9F48}.Debug|x64.Build.0 = Debug|Any CPU
		{41B8F5C2-65AA-42F0-A20B-6F95B13A9F48}.Debug|x86.ActiveCfg = Debug|Any CPU
		{41B8F5C2-65AA-42F0-A20B-6F95B13A9F48}.Debug|x86.Build.0 = Debug|Any CPU
		{41B8F5C2-65AA-42F0-A20B-6F95B13A9F48}.Release|Any CPU.ActiveCfg = Release|Any CPU
		{41B8F5C2-65AA-42F0-A20B-6F95B13A9F48}.Release|Any CPU.Build.0 = Release|Any CPU
		{41B8F5C2-65AA-42F0-A20B-6F95B13A9F48}.Release|ARM.ActiveCfg = Release|Any CPU
		{41B8F5C2-65AA-42F0-A20B-6F95B13A9F48}.Release|ARM.Build.0 = Release|Any CPU
		{41B8F5C2-65AA-42F0-A20B-6F95B13A9F48}.Release|x64.ActiveCfg = Release|Any CPU
		{41B8F5C2-65AA-42F0-A20B-6F95B13A9F48}.Release|x64.Build.0 = Release|Any CPU
		{41B8F5C2-65AA-42F0-A20B-6F95B13A9F48}.Release|x86.ActiveCfg = Release|Any CPU
		{41B8F5C2-65AA-42F0-A20B-6F95B13A9F48}.Release|x86.Build.0 = Release|Any CPU
		{41B8F5C2-65AA-42F0-A20B-6F95B13A9F48}.SquirrelReleasify|Any CPU.ActiveCfg = Release|Any CPU
		{41B8F5C2-65AA-42F0-A20B-6F95B13A9F48}.SquirrelReleasify|Any CPU.Build.0 = Release|Any CPU
		{41B8F5C2-65AA-42F0-A20B-6F95B13A9F48}.SquirrelReleasify|ARM.ActiveCfg = Release|Any CPU
		{41B8F5C2-65AA-42F0-A20B-6F95B13A9F48}.SquirrelReleasify|ARM.Build.0 = Release|Any CPU
		{41B8F5C2-65AA-42F0-A20B-6F95B13A9F48}.SquirrelReleasify|x64.ActiveCfg = Release|Any CPU
		{41B8F5C2-65AA-42F0-A20B-6F95B13A9F48}.SquirrelReleasify|x64.Build.0 = Release|Any CPU
		{41B8F5C2-65AA-42F0-A20B-6F95B13A9F48}.SquirrelReleasify|x86.ActiveCfg = Release|Any CPU
		{41B8F5C2-65AA-42F0-A20B-6F95B13A9F48}.SquirrelReleasify|x86.Build.0 = Release|Any CPU
		{450AC313-BF25-4BFD-A066-9F39F026FDCF}.Debug|Any CPU.ActiveCfg = Debug|Any CPU
		{450AC313-BF25-4BFD-A066-9F39F026FDCF}.Debug|Any CPU.Build.0 = Debug|Any CPU
		{450AC313-BF25-4BFD-A066-9F39F026FDCF}.Debug|ARM.ActiveCfg = Debug|Any CPU
		{450AC313-BF25-4BFD-A066-9F39F026FDCF}.Debug|ARM.Build.0 = Debug|Any CPU
		{450AC313-BF25-4BFD-A066-9F39F026FDCF}.Debug|x64.ActiveCfg = Debug|Any CPU
		{450AC313-BF25-4BFD-A066-9F39F026FDCF}.Debug|x64.Build.0 = Debug|Any CPU
		{450AC313-BF25-4BFD-A066-9F39F026FDCF}.Debug|x86.ActiveCfg = Debug|Any CPU
		{450AC313-BF25-4BFD-A066-9F39F026FDCF}.Debug|x86.Build.0 = Debug|Any CPU
		{450AC313-BF25-4BFD-A066-9F39F026FDCF}.Release|Any CPU.ActiveCfg = Release|Any CPU
		{450AC313-BF25-4BFD-A066-9F39F026FDCF}.Release|Any CPU.Build.0 = Release|Any CPU
		{450AC313-BF25-4BFD-A066-9F39F026FDCF}.Release|ARM.ActiveCfg = Release|Any CPU
		{450AC313-BF25-4BFD-A066-9F39F026FDCF}.Release|ARM.Build.0 = Release|Any CPU
		{450AC313-BF25-4BFD-A066-9F39F026FDCF}.Release|x64.ActiveCfg = Release|Any CPU
		{450AC313-BF25-4BFD-A066-9F39F026FDCF}.Release|x64.Build.0 = Release|Any CPU
		{450AC313-BF25-4BFD-A066-9F39F026FDCF}.Release|x86.ActiveCfg = Release|Any CPU
		{450AC313-BF25-4BFD-A066-9F39F026FDCF}.Release|x86.Build.0 = Release|Any CPU
		{450AC313-BF25-4BFD-A066-9F39F026FDCF}.SquirrelReleasify|Any CPU.ActiveCfg = Release|Any CPU
		{450AC313-BF25-4BFD-A066-9F39F026FDCF}.SquirrelReleasify|ARM.ActiveCfg = Release|Any CPU
		{450AC313-BF25-4BFD-A066-9F39F026FDCF}.SquirrelReleasify|ARM.Build.0 = Release|Any CPU
		{450AC313-BF25-4BFD-A066-9F39F026FDCF}.SquirrelReleasify|x64.ActiveCfg = Release|Any CPU
		{450AC313-BF25-4BFD-A066-9F39F026FDCF}.SquirrelReleasify|x64.Build.0 = Release|Any CPU
		{450AC313-BF25-4BFD-A066-9F39F026FDCF}.SquirrelReleasify|x86.ActiveCfg = Release|Any CPU
		{450AC313-BF25-4BFD-A066-9F39F026FDCF}.SquirrelReleasify|x86.Build.0 = Release|Any CPU
		{0F333344-7695-47B2-B0E6-172E4DE74819}.Debug|Any CPU.ActiveCfg = Debug|Any CPU
		{0F333344-7695-47B2-B0E6-172E4DE74819}.Debug|Any CPU.Build.0 = Debug|Any CPU
		{0F333344-7695-47B2-B0E6-172E4DE74819}.Debug|ARM.ActiveCfg = Debug|Any CPU
		{0F333344-7695-47B2-B0E6-172E4DE74819}.Debug|ARM.Build.0 = Debug|Any CPU
		{0F333344-7695-47B2-B0E6-172E4DE74819}.Debug|x64.ActiveCfg = Debug|Any CPU
		{0F333344-7695-47B2-B0E6-172E4DE74819}.Debug|x64.Build.0 = Debug|Any CPU
		{0F333344-7695-47B2-B0E6-172E4DE74819}.Debug|x86.ActiveCfg = Debug|Any CPU
		{0F333344-7695-47B2-B0E6-172E4DE74819}.Debug|x86.Build.0 = Debug|Any CPU
		{0F333344-7695-47B2-B0E6-172E4DE74819}.Release|Any CPU.ActiveCfg = Release|Any CPU
		{0F333344-7695-47B2-B0E6-172E4DE74819}.Release|Any CPU.Build.0 = Release|Any CPU
		{0F333344-7695-47B2-B0E6-172E4DE74819}.Release|ARM.ActiveCfg = Release|Any CPU
		{0F333344-7695-47B2-B0E6-172E4DE74819}.Release|ARM.Build.0 = Release|Any CPU
		{0F333344-7695-47B2-B0E6-172E4DE74819}.Release|x64.ActiveCfg = Release|Any CPU
		{0F333344-7695-47B2-B0E6-172E4DE74819}.Release|x64.Build.0 = Release|Any CPU
		{0F333344-7695-47B2-B0E6-172E4DE74819}.Release|x86.ActiveCfg = Release|Any CPU
		{0F333344-7695-47B2-B0E6-172E4DE74819}.Release|x86.Build.0 = Release|Any CPU
		{0F333344-7695-47B2-B0E6-172E4DE74819}.SquirrelReleasify|Any CPU.ActiveCfg = Release|Any CPU
		{0F333344-7695-47B2-B0E6-172E4DE74819}.SquirrelReleasify|Any CPU.Build.0 = Release|Any CPU
		{0F333344-7695-47B2-B0E6-172E4DE74819}.SquirrelReleasify|ARM.ActiveCfg = Release|Any CPU
		{0F333344-7695-47B2-B0E6-172E4DE74819}.SquirrelReleasify|ARM.Build.0 = Release|Any CPU
		{0F333344-7695-47B2-B0E6-172E4DE74819}.SquirrelReleasify|x64.ActiveCfg = Release|Any CPU
		{0F333344-7695-47B2-B0E6-172E4DE74819}.SquirrelReleasify|x64.Build.0 = Release|Any CPU
		{0F333344-7695-47B2-B0E6-172E4DE74819}.SquirrelReleasify|x86.ActiveCfg = Release|Any CPU
		{0F333344-7695-47B2-B0E6-172E4DE74819}.SquirrelReleasify|x86.Build.0 = Release|Any CPU
		{8CB44F28-2956-4C2A-9314-72727262EDD4}.Debug|Any CPU.ActiveCfg = Debug|Any CPU
		{8CB44F28-2956-4C2A-9314-72727262EDD4}.Debug|Any CPU.Build.0 = Debug|Any CPU
		{8CB44F28-2956-4C2A-9314-72727262EDD4}.Debug|ARM.ActiveCfg = Debug|Any CPU
		{8CB44F28-2956-4C2A-9314-72727262EDD4}.Debug|ARM.Build.0 = Debug|Any CPU
		{8CB44F28-2956-4C2A-9314-72727262EDD4}.Debug|x64.ActiveCfg = Debug|Any CPU
		{8CB44F28-2956-4C2A-9314-72727262EDD4}.Debug|x64.Build.0 = Debug|Any CPU
		{8CB44F28-2956-4C2A-9314-72727262EDD4}.Debug|x86.ActiveCfg = Debug|Any CPU
		{8CB44F28-2956-4C2A-9314-72727262EDD4}.Debug|x86.Build.0 = Debug|Any CPU
		{8CB44F28-2956-4C2A-9314-72727262EDD4}.Release|Any CPU.ActiveCfg = Release|Any CPU
		{8CB44F28-2956-4C2A-9314-72727262EDD4}.Release|Any CPU.Build.0 = Release|Any CPU
		{8CB44F28-2956-4C2A-9314-72727262EDD4}.Release|ARM.ActiveCfg = Release|Any CPU
		{8CB44F28-2956-4C2A-9314-72727262EDD4}.Release|ARM.Build.0 = Release|Any CPU
		{8CB44F28-2956-4C2A-9314-72727262EDD4}.Release|x64.ActiveCfg = Release|Any CPU
		{8CB44F28-2956-4C2A-9314-72727262EDD4}.Release|x64.Build.0 = Release|Any CPU
		{8CB44F28-2956-4C2A-9314-72727262EDD4}.Release|x86.ActiveCfg = Release|Any CPU
		{8CB44F28-2956-4C2A-9314-72727262EDD4}.Release|x86.Build.0 = Release|Any CPU
		{8CB44F28-2956-4C2A-9314-72727262EDD4}.SquirrelReleasify|Any CPU.ActiveCfg = Release|Any CPU
		{8CB44F28-2956-4C2A-9314-72727262EDD4}.SquirrelReleasify|Any CPU.Build.0 = Release|Any CPU
		{8CB44F28-2956-4C2A-9314-72727262EDD4}.SquirrelReleasify|ARM.ActiveCfg = Release|Any CPU
		{8CB44F28-2956-4C2A-9314-72727262EDD4}.SquirrelReleasify|ARM.Build.0 = Release|Any CPU
		{8CB44F28-2956-4C2A-9314-72727262EDD4}.SquirrelReleasify|x64.ActiveCfg = Release|Any CPU
		{8CB44F28-2956-4C2A-9314-72727262EDD4}.SquirrelReleasify|x64.Build.0 = Release|Any CPU
		{8CB44F28-2956-4C2A-9314-72727262EDD4}.SquirrelReleasify|x86.ActiveCfg = Release|Any CPU
		{8CB44F28-2956-4C2A-9314-72727262EDD4}.SquirrelReleasify|x86.Build.0 = Release|Any CPU
		{1E42A658-45C4-4DD9-83C5-2A10728DBDFA}.Debug|Any CPU.ActiveCfg = Debug|Any CPU
		{1E42A658-45C4-4DD9-83C5-2A10728DBDFA}.Debug|Any CPU.Build.0 = Debug|Any CPU
		{1E42A658-45C4-4DD9-83C5-2A10728DBDFA}.Debug|ARM.ActiveCfg = Debug|Any CPU
		{1E42A658-45C4-4DD9-83C5-2A10728DBDFA}.Debug|ARM.Build.0 = Debug|Any CPU
		{1E42A658-45C4-4DD9-83C5-2A10728DBDFA}.Debug|x64.ActiveCfg = Debug|Any CPU
		{1E42A658-45C4-4DD9-83C5-2A10728DBDFA}.Debug|x64.Build.0 = Debug|Any CPU
		{1E42A658-45C4-4DD9-83C5-2A10728DBDFA}.Debug|x86.ActiveCfg = Debug|Any CPU
		{1E42A658-45C4-4DD9-83C5-2A10728DBDFA}.Debug|x86.Build.0 = Debug|Any CPU
		{1E42A658-45C4-4DD9-83C5-2A10728DBDFA}.Release|Any CPU.ActiveCfg = Release|Any CPU
		{1E42A658-45C4-4DD9-83C5-2A10728DBDFA}.Release|Any CPU.Build.0 = Release|Any CPU
		{1E42A658-45C4-4DD9-83C5-2A10728DBDFA}.Release|ARM.ActiveCfg = Release|Any CPU
		{1E42A658-45C4-4DD9-83C5-2A10728DBDFA}.Release|ARM.Build.0 = Release|Any CPU
		{1E42A658-45C4-4DD9-83C5-2A10728DBDFA}.Release|x64.ActiveCfg = Release|Any CPU
		{1E42A658-45C4-4DD9-83C5-2A10728DBDFA}.Release|x64.Build.0 = Release|Any CPU
		{1E42A658-45C4-4DD9-83C5-2A10728DBDFA}.Release|x86.ActiveCfg = Release|Any CPU
		{1E42A658-45C4-4DD9-83C5-2A10728DBDFA}.Release|x86.Build.0 = Release|Any CPU
		{1E42A658-45C4-4DD9-83C5-2A10728DBDFA}.SquirrelReleasify|Any CPU.ActiveCfg = Release|Any CPU
		{1E42A658-45C4-4DD9-83C5-2A10728DBDFA}.SquirrelReleasify|ARM.ActiveCfg = Release|Any CPU
		{1E42A658-45C4-4DD9-83C5-2A10728DBDFA}.SquirrelReleasify|ARM.Build.0 = Release|Any CPU
		{1E42A658-45C4-4DD9-83C5-2A10728DBDFA}.SquirrelReleasify|x64.ActiveCfg = Release|Any CPU
		{1E42A658-45C4-4DD9-83C5-2A10728DBDFA}.SquirrelReleasify|x64.Build.0 = Release|Any CPU
		{1E42A658-45C4-4DD9-83C5-2A10728DBDFA}.SquirrelReleasify|x86.ActiveCfg = Release|Any CPU
		{1E42A658-45C4-4DD9-83C5-2A10728DBDFA}.SquirrelReleasify|x86.Build.0 = Release|Any CPU
		{3AB98B6E-05DB-44FA-9DAD-584AA88F0739}.Debug|Any CPU.ActiveCfg = Debug|Any CPU
		{3AB98B6E-05DB-44FA-9DAD-584AA88F0739}.Debug|Any CPU.Build.0 = Debug|Any CPU
		{3AB98B6E-05DB-44FA-9DAD-584AA88F0739}.Debug|ARM.ActiveCfg = Debug|Any CPU
		{3AB98B6E-05DB-44FA-9DAD-584AA88F0739}.Debug|ARM.Build.0 = Debug|Any CPU
		{3AB98B6E-05DB-44FA-9DAD-584AA88F0739}.Debug|x64.ActiveCfg = Debug|Any CPU
		{3AB98B6E-05DB-44FA-9DAD-584AA88F0739}.Debug|x64.Build.0 = Debug|Any CPU
		{3AB98B6E-05DB-44FA-9DAD-584AA88F0739}.Debug|x86.ActiveCfg = Debug|Any CPU
		{3AB98B6E-05DB-44FA-9DAD-584AA88F0739}.Debug|x86.Build.0 = Debug|Any CPU
		{3AB98B6E-05DB-44FA-9DAD-584AA88F0739}.Release|Any CPU.ActiveCfg = Release|Any CPU
		{3AB98B6E-05DB-44FA-9DAD-584AA88F0739}.Release|Any CPU.Build.0 = Release|Any CPU
		{3AB98B6E-05DB-44FA-9DAD-584AA88F0739}.Release|ARM.ActiveCfg = Release|Any CPU
		{3AB98B6E-05DB-44FA-9DAD-584AA88F0739}.Release|ARM.Build.0 = Release|Any CPU
		{3AB98B6E-05DB-44FA-9DAD-584AA88F0739}.Release|x64.ActiveCfg = Release|Any CPU
		{3AB98B6E-05DB-44FA-9DAD-584AA88F0739}.Release|x64.Build.0 = Release|Any CPU
		{3AB98B6E-05DB-44FA-9DAD-584AA88F0739}.Release|x86.ActiveCfg = Release|Any CPU
		{3AB98B6E-05DB-44FA-9DAD-584AA88F0739}.Release|x86.Build.0 = Release|Any CPU
		{3AB98B6E-05DB-44FA-9DAD-584AA88F0739}.SquirrelReleasify|Any CPU.ActiveCfg = Release|Any CPU
		{3AB98B6E-05DB-44FA-9DAD-584AA88F0739}.SquirrelReleasify|Any CPU.Build.0 = Release|Any CPU
		{3AB98B6E-05DB-44FA-9DAD-584AA88F0739}.SquirrelReleasify|ARM.ActiveCfg = Release|Any CPU
		{3AB98B6E-05DB-44FA-9DAD-584AA88F0739}.SquirrelReleasify|ARM.Build.0 = Release|Any CPU
		{3AB98B6E-05DB-44FA-9DAD-584AA88F0739}.SquirrelReleasify|x64.ActiveCfg = Release|Any CPU
		{3AB98B6E-05DB-44FA-9DAD-584AA88F0739}.SquirrelReleasify|x64.Build.0 = Release|Any CPU
		{3AB98B6E-05DB-44FA-9DAD-584AA88F0739}.SquirrelReleasify|x86.ActiveCfg = Release|Any CPU
		{3AB98B6E-05DB-44FA-9DAD-584AA88F0739}.SquirrelReleasify|x86.Build.0 = Release|Any CPU
		{58CD3B9C-EBBA-4527-A81C-78B7EA9CA298}.Debug|Any CPU.ActiveCfg = Debug|Any CPU
		{58CD3B9C-EBBA-4527-A81C-78B7EA9CA298}.Debug|Any CPU.Build.0 = Debug|Any CPU
		{58CD3B9C-EBBA-4527-A81C-78B7EA9CA298}.Debug|ARM.ActiveCfg = Debug|Any CPU
		{58CD3B9C-EBBA-4527-A81C-78B7EA9CA298}.Debug|ARM.Build.0 = Debug|Any CPU
		{58CD3B9C-EBBA-4527-A81C-78B7EA9CA298}.Debug|x64.ActiveCfg = Debug|Any CPU
		{58CD3B9C-EBBA-4527-A81C-78B7EA9CA298}.Debug|x64.Build.0 = Debug|Any CPU
		{58CD3B9C-EBBA-4527-A81C-78B7EA9CA298}.Debug|x86.ActiveCfg = Debug|Any CPU
		{58CD3B9C-EBBA-4527-A81C-78B7EA9CA298}.Debug|x86.Build.0 = Debug|Any CPU
		{58CD3B9C-EBBA-4527-A81C-78B7EA9CA298}.Release|Any CPU.ActiveCfg = Release|Any CPU
		{58CD3B9C-EBBA-4527-A81C-78B7EA9CA298}.Release|Any CPU.Build.0 = Release|Any CPU
		{58CD3B9C-EBBA-4527-A81C-78B7EA9CA298}.Release|ARM.ActiveCfg = Release|Any CPU
		{58CD3B9C-EBBA-4527-A81C-78B7EA9CA298}.Release|ARM.Build.0 = Release|Any CPU
		{58CD3B9C-EBBA-4527-A81C-78B7EA9CA298}.Release|x64.ActiveCfg = Release|Any CPU
		{58CD3B9C-EBBA-4527-A81C-78B7EA9CA298}.Release|x64.Build.0 = Release|Any CPU
		{58CD3B9C-EBBA-4527-A81C-78B7EA9CA298}.Release|x86.ActiveCfg = Release|Any CPU
		{58CD3B9C-EBBA-4527-A81C-78B7EA9CA298}.Release|x86.Build.0 = Release|Any CPU
		{58CD3B9C-EBBA-4527-A81C-78B7EA9CA298}.SquirrelReleasify|Any CPU.ActiveCfg = Release|Any CPU
		{58CD3B9C-EBBA-4527-A81C-78B7EA9CA298}.SquirrelReleasify|ARM.ActiveCfg = Release|Any CPU
		{58CD3B9C-EBBA-4527-A81C-78B7EA9CA298}.SquirrelReleasify|ARM.Build.0 = Release|Any CPU
		{58CD3B9C-EBBA-4527-A81C-78B7EA9CA298}.SquirrelReleasify|x64.ActiveCfg = Release|Any CPU
		{58CD3B9C-EBBA-4527-A81C-78B7EA9CA298}.SquirrelReleasify|x64.Build.0 = Release|Any CPU
		{58CD3B9C-EBBA-4527-A81C-78B7EA9CA298}.SquirrelReleasify|x86.ActiveCfg = Release|Any CPU
		{58CD3B9C-EBBA-4527-A81C-78B7EA9CA298}.SquirrelReleasify|x86.Build.0 = Release|Any CPU
		{10A7C2BC-EC6F-4A38-BDDA-E35935004C02}.Debug|Any CPU.ActiveCfg = Debug|Any CPU
		{10A7C2BC-EC6F-4A38-BDDA-E35935004C02}.Debug|Any CPU.Build.0 = Debug|Any CPU
		{10A7C2BC-EC6F-4A38-BDDA-E35935004C02}.Debug|ARM.ActiveCfg = Debug|Any CPU
		{10A7C2BC-EC6F-4A38-BDDA-E35935004C02}.Debug|ARM.Build.0 = Debug|Any CPU
		{10A7C2BC-EC6F-4A38-BDDA-E35935004C02}.Debug|x64.ActiveCfg = Debug|Any CPU
		{10A7C2BC-EC6F-4A38-BDDA-E35935004C02}.Debug|x64.Build.0 = Debug|Any CPU
		{10A7C2BC-EC6F-4A38-BDDA-E35935004C02}.Debug|x86.ActiveCfg = Debug|Any CPU
		{10A7C2BC-EC6F-4A38-BDDA-E35935004C02}.Debug|x86.Build.0 = Debug|Any CPU
		{10A7C2BC-EC6F-4A38-BDDA-E35935004C02}.Release|Any CPU.ActiveCfg = Release|Any CPU
		{10A7C2BC-EC6F-4A38-BDDA-E35935004C02}.Release|Any CPU.Build.0 = Release|Any CPU
		{10A7C2BC-EC6F-4A38-BDDA-E35935004C02}.Release|ARM.ActiveCfg = Release|Any CPU
		{10A7C2BC-EC6F-4A38-BDDA-E35935004C02}.Release|ARM.Build.0 = Release|Any CPU
		{10A7C2BC-EC6F-4A38-BDDA-E35935004C02}.Release|x64.ActiveCfg = Release|Any CPU
		{10A7C2BC-EC6F-4A38-BDDA-E35935004C02}.Release|x64.Build.0 = Release|Any CPU
		{10A7C2BC-EC6F-4A38-BDDA-E35935004C02}.Release|x86.ActiveCfg = Release|Any CPU
		{10A7C2BC-EC6F-4A38-BDDA-E35935004C02}.Release|x86.Build.0 = Release|Any CPU
		{10A7C2BC-EC6F-4A38-BDDA-E35935004C02}.SquirrelReleasify|Any CPU.ActiveCfg = Release|Any CPU
		{10A7C2BC-EC6F-4A38-BDDA-E35935004C02}.SquirrelReleasify|Any CPU.Build.0 = Release|Any CPU
		{10A7C2BC-EC6F-4A38-BDDA-E35935004C02}.SquirrelReleasify|ARM.ActiveCfg = Release|Any CPU
		{10A7C2BC-EC6F-4A38-BDDA-E35935004C02}.SquirrelReleasify|ARM.Build.0 = Release|Any CPU
		{10A7C2BC-EC6F-4A38-BDDA-E35935004C02}.SquirrelReleasify|x64.ActiveCfg = Release|Any CPU
		{10A7C2BC-EC6F-4A38-BDDA-E35935004C02}.SquirrelReleasify|x64.Build.0 = Release|Any CPU
		{10A7C2BC-EC6F-4A38-BDDA-E35935004C02}.SquirrelReleasify|x86.ActiveCfg = Release|Any CPU
		{10A7C2BC-EC6F-4A38-BDDA-E35935004C02}.SquirrelReleasify|x86.Build.0 = Release|Any CPU
		{46383F20-02DF-48B4-B092-9088FA4ACD5A}.Debug|Any CPU.ActiveCfg = Debug|Any CPU
		{46383F20-02DF-48B4-B092-9088FA4ACD5A}.Debug|Any CPU.Build.0 = Debug|Any CPU
		{46383F20-02DF-48B4-B092-9088FA4ACD5A}.Debug|ARM.ActiveCfg = Debug|Any CPU
		{46383F20-02DF-48B4-B092-9088FA4ACD5A}.Debug|ARM.Build.0 = Debug|Any CPU
		{46383F20-02DF-48B4-B092-9088FA4ACD5A}.Debug|x64.ActiveCfg = Debug|Any CPU
		{46383F20-02DF-48B4-B092-9088FA4ACD5A}.Debug|x64.Build.0 = Debug|Any CPU
		{46383F20-02DF-48B4-B092-9088FA4ACD5A}.Debug|x86.ActiveCfg = Debug|Any CPU
		{46383F20-02DF-48B4-B092-9088FA4ACD5A}.Debug|x86.Build.0 = Debug|Any CPU
		{46383F20-02DF-48B4-B092-9088FA4ACD5A}.Release|Any CPU.ActiveCfg = Release|Any CPU
		{46383F20-02DF-48B4-B092-9088FA4ACD5A}.Release|Any CPU.Build.0 = Release|Any CPU
		{46383F20-02DF-48B4-B092-9088FA4ACD5A}.Release|ARM.ActiveCfg = Release|Any CPU
		{46383F20-02DF-48B4-B092-9088FA4ACD5A}.Release|ARM.Build.0 = Release|Any CPU
		{46383F20-02DF-48B4-B092-9088FA4ACD5A}.Release|x64.ActiveCfg = Release|Any CPU
		{46383F20-02DF-48B4-B092-9088FA4ACD5A}.Release|x64.Build.0 = Release|Any CPU
		{46383F20-02DF-48B4-B092-9088FA4ACD5A}.Release|x86.ActiveCfg = Release|Any CPU
		{46383F20-02DF-48B4-B092-9088FA4ACD5A}.Release|x86.Build.0 = Release|Any CPU
		{46383F20-02DF-48B4-B092-9088FA4ACD5A}.SquirrelReleasify|Any CPU.ActiveCfg = Release|Any CPU
		{46383F20-02DF-48B4-B092-9088FA4ACD5A}.SquirrelReleasify|Any CPU.Build.0 = Release|Any CPU
		{46383F20-02DF-48B4-B092-9088FA4ACD5A}.SquirrelReleasify|ARM.ActiveCfg = Release|Any CPU
		{46383F20-02DF-48B4-B092-9088FA4ACD5A}.SquirrelReleasify|ARM.Build.0 = Release|Any CPU
		{46383F20-02DF-48B4-B092-9088FA4ACD5A}.SquirrelReleasify|x64.ActiveCfg = Release|Any CPU
		{46383F20-02DF-48B4-B092-9088FA4ACD5A}.SquirrelReleasify|x64.Build.0 = Release|Any CPU
		{46383F20-02DF-48B4-B092-9088FA4ACD5A}.SquirrelReleasify|x86.ActiveCfg = Release|Any CPU
		{46383F20-02DF-48B4-B092-9088FA4ACD5A}.SquirrelReleasify|x86.Build.0 = Release|Any CPU
		{1F30CF6D-A5BF-4777-B8BA-E34F439FE8E5}.Debug|Any CPU.ActiveCfg = Debug|Any CPU
		{1F30CF6D-A5BF-4777-B8BA-E34F439FE8E5}.Debug|Any CPU.Build.0 = Debug|Any CPU
		{1F30CF6D-A5BF-4777-B8BA-E34F439FE8E5}.Debug|ARM.ActiveCfg = Debug|Any CPU
		{1F30CF6D-A5BF-4777-B8BA-E34F439FE8E5}.Debug|ARM.Build.0 = Debug|Any CPU
		{1F30CF6D-A5BF-4777-B8BA-E34F439FE8E5}.Debug|x64.ActiveCfg = Debug|Any CPU
		{1F30CF6D-A5BF-4777-B8BA-E34F439FE8E5}.Debug|x64.Build.0 = Debug|Any CPU
		{1F30CF6D-A5BF-4777-B8BA-E34F439FE8E5}.Debug|x86.ActiveCfg = Debug|Any CPU
		{1F30CF6D-A5BF-4777-B8BA-E34F439FE8E5}.Debug|x86.Build.0 = Debug|Any CPU
		{1F30CF6D-A5BF-4777-B8BA-E34F439FE8E5}.Release|Any CPU.ActiveCfg = Release|Any CPU
		{1F30CF6D-A5BF-4777-B8BA-E34F439FE8E5}.Release|Any CPU.Build.0 = Release|Any CPU
		{1F30CF6D-A5BF-4777-B8BA-E34F439FE8E5}.Release|ARM.ActiveCfg = Release|Any CPU
		{1F30CF6D-A5BF-4777-B8BA-E34F439FE8E5}.Release|ARM.Build.0 = Release|Any CPU
		{1F30CF6D-A5BF-4777-B8BA-E34F439FE8E5}.Release|x64.ActiveCfg = Release|Any CPU
		{1F30CF6D-A5BF-4777-B8BA-E34F439FE8E5}.Release|x64.Build.0 = Release|Any CPU
		{1F30CF6D-A5BF-4777-B8BA-E34F439FE8E5}.Release|x86.ActiveCfg = Release|Any CPU
		{1F30CF6D-A5BF-4777-B8BA-E34F439FE8E5}.Release|x86.Build.0 = Release|Any CPU
		{1F30CF6D-A5BF-4777-B8BA-E34F439FE8E5}.SquirrelReleasify|Any CPU.ActiveCfg = Release|Any CPU
		{1F30CF6D-A5BF-4777-B8BA-E34F439FE8E5}.SquirrelReleasify|ARM.ActiveCfg = Release|Any CPU
		{1F30CF6D-A5BF-4777-B8BA-E34F439FE8E5}.SquirrelReleasify|ARM.Build.0 = Release|Any CPU
		{1F30CF6D-A5BF-4777-B8BA-E34F439FE8E5}.SquirrelReleasify|x64.ActiveCfg = Release|Any CPU
		{1F30CF6D-A5BF-4777-B8BA-E34F439FE8E5}.SquirrelReleasify|x64.Build.0 = Release|Any CPU
		{1F30CF6D-A5BF-4777-B8BA-E34F439FE8E5}.SquirrelReleasify|x86.ActiveCfg = Release|Any CPU
		{1F30CF6D-A5BF-4777-B8BA-E34F439FE8E5}.SquirrelReleasify|x86.Build.0 = Release|Any CPU
		{855B38CC-EEF2-471D-BBBC-EB3E2FF3D387}.Debug|Any CPU.ActiveCfg = Debug|Any CPU
		{855B38CC-EEF2-471D-BBBC-EB3E2FF3D387}.Debug|Any CPU.Build.0 = Debug|Any CPU
		{855B38CC-EEF2-471D-BBBC-EB3E2FF3D387}.Debug|ARM.ActiveCfg = Debug|Any CPU
		{855B38CC-EEF2-471D-BBBC-EB3E2FF3D387}.Debug|ARM.Build.0 = Debug|Any CPU
		{855B38CC-EEF2-471D-BBBC-EB3E2FF3D387}.Debug|x64.ActiveCfg = Debug|Any CPU
		{855B38CC-EEF2-471D-BBBC-EB3E2FF3D387}.Debug|x64.Build.0 = Debug|Any CPU
		{855B38CC-EEF2-471D-BBBC-EB3E2FF3D387}.Debug|x86.ActiveCfg = Debug|Any CPU
		{855B38CC-EEF2-471D-BBBC-EB3E2FF3D387}.Debug|x86.Build.0 = Debug|Any CPU
		{855B38CC-EEF2-471D-BBBC-EB3E2FF3D387}.Release|Any CPU.ActiveCfg = Release|Any CPU
		{855B38CC-EEF2-471D-BBBC-EB3E2FF3D387}.Release|Any CPU.Build.0 = Release|Any CPU
		{855B38CC-EEF2-471D-BBBC-EB3E2FF3D387}.Release|ARM.ActiveCfg = Release|Any CPU
		{855B38CC-EEF2-471D-BBBC-EB3E2FF3D387}.Release|ARM.Build.0 = Release|Any CPU
		{855B38CC-EEF2-471D-BBBC-EB3E2FF3D387}.Release|x64.ActiveCfg = Release|Any CPU
		{855B38CC-EEF2-471D-BBBC-EB3E2FF3D387}.Release|x64.Build.0 = Release|Any CPU
		{855B38CC-EEF2-471D-BBBC-EB3E2FF3D387}.Release|x86.ActiveCfg = Release|Any CPU
		{855B38CC-EEF2-471D-BBBC-EB3E2FF3D387}.Release|x86.Build.0 = Release|Any CPU
		{855B38CC-EEF2-471D-BBBC-EB3E2FF3D387}.SquirrelReleasify|Any CPU.ActiveCfg = Release|Any CPU
		{855B38CC-EEF2-471D-BBBC-EB3E2FF3D387}.SquirrelReleasify|Any CPU.Build.0 = Release|Any CPU
		{855B38CC-EEF2-471D-BBBC-EB3E2FF3D387}.SquirrelReleasify|ARM.ActiveCfg = Release|Any CPU
		{855B38CC-EEF2-471D-BBBC-EB3E2FF3D387}.SquirrelReleasify|ARM.Build.0 = Release|Any CPU
		{855B38CC-EEF2-471D-BBBC-EB3E2FF3D387}.SquirrelReleasify|x64.ActiveCfg = Release|Any CPU
		{855B38CC-EEF2-471D-BBBC-EB3E2FF3D387}.SquirrelReleasify|x64.Build.0 = Release|Any CPU
		{855B38CC-EEF2-471D-BBBC-EB3E2FF3D387}.SquirrelReleasify|x86.ActiveCfg = Release|Any CPU
		{855B38CC-EEF2-471D-BBBC-EB3E2FF3D387}.SquirrelReleasify|x86.Build.0 = Release|Any CPU
		{7A5720DE-A41B-47EA-AAAB-7C5608FF0C1F}.Debug|Any CPU.ActiveCfg = Debug|Any CPU
		{7A5720DE-A41B-47EA-AAAB-7C5608FF0C1F}.Debug|Any CPU.Build.0 = Debug|Any CPU
		{7A5720DE-A41B-47EA-AAAB-7C5608FF0C1F}.Debug|ARM.ActiveCfg = Debug|Any CPU
		{7A5720DE-A41B-47EA-AAAB-7C5608FF0C1F}.Debug|ARM.Build.0 = Debug|Any CPU
		{7A5720DE-A41B-47EA-AAAB-7C5608FF0C1F}.Debug|x64.ActiveCfg = Debug|Any CPU
		{7A5720DE-A41B-47EA-AAAB-7C5608FF0C1F}.Debug|x64.Build.0 = Debug|Any CPU
		{7A5720DE-A41B-47EA-AAAB-7C5608FF0C1F}.Debug|x86.ActiveCfg = Debug|Any CPU
		{7A5720DE-A41B-47EA-AAAB-7C5608FF0C1F}.Debug|x86.Build.0 = Debug|Any CPU
		{7A5720DE-A41B-47EA-AAAB-7C5608FF0C1F}.Release|Any CPU.ActiveCfg = Release|Any CPU
		{7A5720DE-A41B-47EA-AAAB-7C5608FF0C1F}.Release|Any CPU.Build.0 = Release|Any CPU
		{7A5720DE-A41B-47EA-AAAB-7C5608FF0C1F}.Release|ARM.ActiveCfg = Release|Any CPU
		{7A5720DE-A41B-47EA-AAAB-7C5608FF0C1F}.Release|ARM.Build.0 = Release|Any CPU
		{7A5720DE-A41B-47EA-AAAB-7C5608FF0C1F}.Release|x64.ActiveCfg = Release|Any CPU
		{7A5720DE-A41B-47EA-AAAB-7C5608FF0C1F}.Release|x64.Build.0 = Release|Any CPU
		{7A5720DE-A41B-47EA-AAAB-7C5608FF0C1F}.Release|x86.ActiveCfg = Release|Any CPU
		{7A5720DE-A41B-47EA-AAAB-7C5608FF0C1F}.Release|x86.Build.0 = Release|Any CPU
		{7A5720DE-A41B-47EA-AAAB-7C5608FF0C1F}.SquirrelReleasify|Any CPU.ActiveCfg = Release|Any CPU
		{7A5720DE-A41B-47EA-AAAB-7C5608FF0C1F}.SquirrelReleasify|ARM.ActiveCfg = Release|Any CPU
		{7A5720DE-A41B-47EA-AAAB-7C5608FF0C1F}.SquirrelReleasify|ARM.Build.0 = Release|Any CPU
		{7A5720DE-A41B-47EA-AAAB-7C5608FF0C1F}.SquirrelReleasify|x64.ActiveCfg = Release|Any CPU
		{7A5720DE-A41B-47EA-AAAB-7C5608FF0C1F}.SquirrelReleasify|x64.Build.0 = Release|Any CPU
		{7A5720DE-A41B-47EA-AAAB-7C5608FF0C1F}.SquirrelReleasify|x86.ActiveCfg = Release|Any CPU
		{7A5720DE-A41B-47EA-AAAB-7C5608FF0C1F}.SquirrelReleasify|x86.Build.0 = Release|Any CPU
	EndGlobalSection
	GlobalSection(SolutionProperties) = preSolution
		HideSolutionNode = FALSE
	EndGlobalSection
	GlobalSection(ExtensibilityGlobals) = postSolution
		SolutionGuid = {8A170BBA-F99C-4192-9467-A5669B1DE126}
	EndGlobalSection
EndGlobal
